
Microsoft Visual Studio Solution File, Format Version 12.00
# Visual Studio Version 17
VisualStudioVersion = 17.4.33213.308
MinimumVisualStudioVersion = 10.0.40219.1
Project("{FAE04EC0-301F-11D3-BF4B-00C04F79EFBC}") = "StoryGame.ConsoleUI", "StoryGame.ConsoleUI\StoryGame.ConsoleUI.csproj", "{D0FF0D25-8227-4A57-956D-69F2838DF58C}"
EndProject
Global
	GlobalSection(SolutionConfigurationPlatforms) = preSolution
		Debug|Any CPU = Debug|Any CPU
		Release|Any CPU = Release|Any CPU
	EndGlobalSection
	GlobalSection(ProjectConfigurationPlatforms) = postSolution
		{D0FF0D25-8227-4A57-956D-69F2838DF58C}.Debug|Any CPU.ActiveCfg = Debug|Any CPU
		{D0FF0D25-8227-4A57-956D-69F2838DF58C}.Debug|Any CPU.Build.0 = Debug|Any CPU
		{D0FF0D25-8227-4A57-956D-69F2838DF58C}.Release|Any CPU.ActiveCfg = Release|Any CPU
		{D0FF0D25-8227-4A57-956D-69F2838DF58C}.Release|Any CPU.Build.0 = Release|Any CPU
	EndGlobalSection
	GlobalSection(SolutionProperties) = preSolution
		HideSolutionNode = FALSE
	EndGlobalSection
	GlobalSection(ExtensibilityGlobals) = postSolution
		SolutionGuid = {49142EAB-571C-4D11-A53F-3438462F9D75}
	EndGlobalSection
EndGlobal
